
Microsoft Visual Studio Solution File, Format Version 12.00
# Visual Studio Version 17
VisualStudioVersion = 17.0.31903.59
MinimumVisualStudioVersion = 10.0.40219.1
Project("{FAE04EC0-301F-11D3-BF4B-00C04F79EFBC}") = "BetterDecorador", "BetterDecorador\BetterDecorador.csproj", "{7EB47080-5323-4899-91A1-D90ACE63AAC4}"
EndProject
Project("{FAE04EC0-301F-11D3-BF4B-00C04F79EFBC}") = "Special", "Special\Special.csproj", "{B3E41AEF-B171-4D96-B078-6A728F97B9CE}"
EndProject
Project("{FAE04EC0-301F-11D3-BF4B-00C04F79EFBC}") = "ValuesAndReferences", "ValuesAndReferences\ValuesAndReferences.csproj", "{964BE6FD-9CDD-4DFE-A98D-194A6EE1136A}"
EndProject
Global
	GlobalSection(SolutionConfigurationPlatforms) = preSolution
		Debug|Any CPU = Debug|Any CPU
		Debug|x64 = Debug|x64
		Debug|x86 = Debug|x86
		Release|Any CPU = Release|Any CPU
		Release|x64 = Release|x64
		Release|x86 = Release|x86
	EndGlobalSection
	GlobalSection(ProjectConfigurationPlatforms) = postSolution
		{7EB47080-5323-4899-91A1-D90ACE63AAC4}.Debug|Any CPU.ActiveCfg = Debug|Any CPU
		{7EB47080-5323-4899-91A1-D90ACE63AAC4}.Debug|Any CPU.Build.0 = Debug|Any CPU
		{7EB47080-5323-4899-91A1-D90ACE63AAC4}.Debug|x64.ActiveCfg = Debug|Any CPU
		{7EB47080-5323-4899-91A1-D90ACE63AAC4}.Debug|x64.Build.0 = Debug|Any CPU
		{7EB47080-5323-4899-91A1-D90ACE63AAC4}.Debug|x86.ActiveCfg = Debug|Any CPU
		{7EB47080-5323-4899-91A1-D90ACE63AAC4}.Debug|x86.Build.0 = Debug|Any CPU
		{7EB47080-5323-4899-91A1-D90ACE63AAC4}.Release|Any CPU.ActiveCfg = Release|Any CPU
		{7EB47080-5323-4899-91A1-D90ACE63AAC4}.Release|Any CPU.Build.0 = Release|Any CPU
		{7EB47080-5323-4899-91A1-D90ACE63AAC4}.Release|x64.ActiveCfg = Release|Any CPU
		{7EB47080-5323-4899-91A1-D90ACE63AAC4}.Release|x64.Build.0 = Release|Any CPU
		{7EB47080-5323-4899-91A1-D90ACE63AAC4}.Release|x86.ActiveCfg = Release|Any CPU
		{7EB47080-5323-4899-91A1-D90ACE63AAC4}.Release|x86.Build.0 = Release|Any CPU
		{B3E41AEF-B171-4D96-B078-6A728F97B9CE}.Debug|Any CPU.ActiveCfg = Debug|Any CPU
		{B3E41AEF-B171-4D96-B078-6A728F97B9CE}.Debug|Any CPU.Build.0 = Debug|Any CPU
		{B3E41AEF-B171-4D96-B078-6A728F97B9CE}.Debug|x64.ActiveCfg = Debug|Any CPU
		{B3E41AEF-B171-4D96-B078-6A728F97B9CE}.Debug|x64.Build.0 = Debug|Any CPU
		{B3E41AEF-B171-4D96-B078-6A728F97B9CE}.Debug|x86.ActiveCfg = Debug|Any CPU
		{B3E41AEF-B171-4D96-B078-6A728F97B9CE}.Debug|x86.Build.0 = Debug|Any CPU
		{B3E41AEF-B171-4D96-B078-6A728F97B9CE}.Release|Any CPU.ActiveCfg = Release|Any CPU
		{B3E41AEF-B171-4D96-B078-6A728F97B9CE}.Release|Any CPU.Build.0 = Release|Any CPU
		{B3E41AEF-B171-4D96-B078-6A728F97B9CE}.Release|x64.ActiveCfg = Release|Any CPU
		{B3E41AEF-B171-4D96-B078-6A728F97B9CE}.Release|x64.Build.0 = Release|Any CPU
		{B3E41AEF-B171-4D96-B078-6A728F97B9CE}.Release|x86.ActiveCfg = Release|Any CPU
		{B3E41AEF-B171-4D96-B078-6A728F97B9CE}.Release|x86.Build.0 = Release|Any CPU
		{964BE6FD-9CDD-4DFE-A98D-194A6EE1136A}.Debug|Any CPU.ActiveCfg = Debug|Any CPU
		{964BE6FD-9CDD-4DFE-A98D-194A6EE1136A}.Debug|Any CPU.Build.0 = Debug|Any CPU
		{964BE6FD-9CDD-4DFE-A98D-194A6EE1136A}.Debug|x64.ActiveCfg = Debug|Any CPU
		{964BE6FD-9CDD-4DFE-A98D-194A6EE1136A}.Debug|x64.Build.0 = Debug|Any CPU
		{964BE6FD-9CDD-4DFE-A98D-194A6EE1136A}.Debug|x86.ActiveCfg = Debug|Any CPU
		{964BE6FD-9CDD-4DFE-A98D-194A6EE1136A}.Debug|x86.Build.0 = Debug|Any CPU
		{964BE6FD-9CDD-4DFE-A98D-194A6EE1136A}.Release|Any CPU.ActiveCfg = Release|Any CPU
		{964BE6FD-9CDD-4DFE-A98D-194A6EE1136A}.Release|Any CPU.Build.0 = Release|Any CPU
		{964BE6FD-9CDD-4DFE-A98D-194A6EE1136A}.Release|x64.ActiveCfg = Release|Any CPU
		{964BE6FD-9CDD-4DFE-A98D-194A6EE1136A}.Release|x64.Build.0 = Release|Any CPU
		{964BE6FD-9CDD-4DFE-A98D-194A6EE1136A}.Release|x86.ActiveCfg = Release|Any CPU
		{964BE6FD-9CDD-4DFE-A98D-194A6EE1136A}.Release|x86.Build.0 = Release|Any CPU
	EndGlobalSection
	GlobalSection(SolutionProperties) = preSolution
		HideSolutionNode = FALSE
	EndGlobalSection
EndGlobal
